
Microsoft Visual Studio Solution File, Format Version 12.00
Project("{FAE04EC0-301F-11D3-BF4B-00C04F79EFBC}") = "LeetCode", "LeetCode\LeetCode.csproj", "{7AE1FE9F-2659-4784-B1C5-EEF737D1C5AB}"
EndProject
Global
	GlobalSection(SolutionConfigurationPlatforms) = preSolution
		Debug|Any CPU = Debug|Any CPU
		Release|Any CPU = Release|Any CPU
	EndGlobalSection
	GlobalSection(ProjectConfigurationPlatforms) = postSolution
		{7AE1FE9F-2659-4784-B1C5-EEF737D1C5AB}.Debug|Any CPU.ActiveCfg = Debug|Any CPU
		{7AE1FE9F-2659-4784-B1C5-EEF737D1C5AB}.Debug|Any CPU.Build.0 = Debug|Any CPU
		{7AE1FE9F-2659-4784-B1C5-EEF737D1C5AB}.Release|Any CPU.ActiveCfg = Release|Any CPU
		{7AE1FE9F-2659-4784-B1C5-EEF737D1C5AB}.Release|Any CPU.Build.0 = Release|Any CPU
	EndGlobalSection
EndGlobal
